// !$*UTF8*$!
{
	archiveVersion = 1;
	classes = {
	};
	objectVersion = 56;
	objects = {

/* Begin PBXBuildFile section */
		84CDC1942B0569650099B120 /* PizzaAppApp.swift in Sources */ = {isa = PBXBuildFile; fileRef = 84CDC1932B0569650099B120 /* PizzaAppApp.swift */; };
		84CDC1962B0569650099B120 /* AuthView.swift in Sources */ = {isa = PBXBuildFile; fileRef = 84CDC1952B0569650099B120 /* AuthView.swift */; };
		84CDC1982B0569670099B120 /* Assets.xcassets in Resources */ = {isa = PBXBuildFile; fileRef = 84CDC1972B0569670099B120 /* Assets.xcassets */; };
		84CDC19B2B0569670099B120 /* Preview Assets.xcassets in Resources */ = {isa = PBXBuildFile; fileRef = 84CDC19A2B0569670099B120 /* Preview Assets.xcassets */; };
		84CDC1A22B0643E40099B120 /* MainTabBar.swift in Sources */ = {isa = PBXBuildFile; fileRef = 84CDC1A12B0643E40099B120 /* MainTabBar.swift */; };
		84CDC1A42B064CD20099B120 /* MenuView.swift in Sources */ = {isa = PBXBuildFile; fileRef = 84CDC1A32B064CD20099B120 /* MenuView.swift */; };
		84CDC1A62B064CF30099B120 /* ProfileView.swift in Sources */ = {isa = PBXBuildFile; fileRef = 84CDC1A52B064CF30099B120 /* ProfileView.swift */; };
		84CDC1A82B064D050099B120 /* CartView.swift in Sources */ = {isa = PBXBuildFile; fileRef = 84CDC1A72B064D050099B120 /* CartView.swift */; };
		84CDC1AB2B078AC00099B120 /* Product.swift in Sources */ = {isa = PBXBuildFile; fileRef = 84CDC1AA2B078AC00099B120 /* Product.swift */; };
		84CDC1AD2B078CC10099B120 /* ProductCell.swift in Sources */ = {isa = PBXBuildFile; fileRef = 84CDC1AC2B078CC10099B120 /* ProductCell.swift */; };
		84CDC1B22B07A0230099B120 /* MenuViewModel.swift in Sources */ = {isa = PBXBuildFile; fileRef = 84CDC1B12B07A0230099B120 /* MenuViewModel.swift */; };
		84CDC1B42B0BB7B50099B120 /* ProductDetailsView.swift in Sources */ = {isa = PBXBuildFile; fileRef = 84CDC1B32B0BB7B50099B120 /* ProductDetailsView.swift */; };
		84CDC1B62B0CC20B0099B120 /* ProductDetailsViewModel.swift in Sources */ = {isa = PBXBuildFile; fileRef = 84CDC1B52B0CC20B0099B120 /* ProductDetailsViewModel.swift */; };
		84CDC1B82B0D05800099B120 /* Position.swift in Sources */ = {isa = PBXBuildFile; fileRef = 84CDC1B72B0D05800099B120 /* Position.swift */; };
		84CDC1BA2B0D064A0099B120 /* CartViewModel.swift in Sources */ = {isa = PBXBuildFile; fileRef = 84CDC1B92B0D064A0099B120 /* CartViewModel.swift */; };
		84CDC1BC2B0F84AF0099B120 /* PositionCell.swift in Sources */ = {isa = PBXBuildFile; fileRef = 84CDC1BB2B0F84AF0099B120 /* PositionCell.swift */; };
/* End PBXBuildFile section */

/* Begin PBXFileReference section */
		84CDC1902B0569650099B120 /* PizzaApp.app */ = {isa = PBXFileReference; explicitFileType = wrapper.application; includeInIndex = 0; path = PizzaApp.app; sourceTree = BUILT_PRODUCTS_DIR; };
		84CDC1932B0569650099B120 /* PizzaAppApp.swift */ = {isa = PBXFileReference; lastKnownFileType = sourcecode.swift; path = PizzaAppApp.swift; sourceTree = "<group>"; };
		84CDC1952B0569650099B120 /* AuthView.swift */ = {isa = PBXFileReference; lastKnownFileType = sourcecode.swift; path = AuthView.swift; sourceTree = "<group>"; };
		84CDC1972B0569670099B120 /* Assets.xcassets */ = {isa = PBXFileReference; lastKnownFileType = folder.assetcatalog; path = Assets.xcassets; sourceTree = "<group>"; };
		84CDC19A2B0569670099B120 /* Preview Assets.xcassets */ = {isa = PBXFileReference; lastKnownFileType = folder.assetcatalog; path = "Preview Assets.xcassets"; sourceTree = "<group>"; };
		84CDC1A12B0643E40099B120 /* MainTabBar.swift */ = {isa = PBXFileReference; lastKnownFileType = sourcecode.swift; path = MainTabBar.swift; sourceTree = "<group>"; };
		84CDC1A32B064CD20099B120 /* MenuView.swift */ = {isa = PBXFileReference; lastKnownFileType = sourcecode.swift; path = MenuView.swift; sourceTree = "<group>"; };
		84CDC1A52B064CF30099B120 /* ProfileView.swift */ = {isa = PBXFileReference; lastKnownFileType = sourcecode.swift; path = ProfileView.swift; sourceTree = "<group>"; };
		84CDC1A72B064D050099B120 /* CartView.swift */ = {isa = PBXFileReference; lastKnownFileType = sourcecode.swift; path = CartView.swift; sourceTree = "<group>"; };
		84CDC1AA2B078AC00099B120 /* Product.swift */ = {isa = PBXFileReference; lastKnownFileType = sourcecode.swift; path = Product.swift; sourceTree = "<group>"; };
		84CDC1AC2B078CC10099B120 /* ProductCell.swift */ = {isa = PBXFileReference; lastKnownFileType = sourcecode.swift; path = ProductCell.swift; sourceTree = "<group>"; };
		84CDC1B12B07A0230099B120 /* MenuViewModel.swift */ = {isa = PBXFileReference; lastKnownFileType = sourcecode.swift; path = MenuViewModel.swift; sourceTree = "<group>"; };
		84CDC1B32B0BB7B50099B120 /* ProductDetailsView.swift */ = {isa = PBXFileReference; lastKnownFileType = sourcecode.swift; path = ProductDetailsView.swift; sourceTree = "<group>"; };
		84CDC1B52B0CC20B0099B120 /* ProductDetailsViewModel.swift */ = {isa = PBXFileReference; lastKnownFileType = sourcecode.swift; path = ProductDetailsViewModel.swift; sourceTree = "<group>"; };
		84CDC1B72B0D05800099B120 /* Position.swift */ = {isa = PBXFileReference; lastKnownFileType = sourcecode.swift; path = Position.swift; sourceTree = "<group>"; };
		84CDC1B92B0D064A0099B120 /* CartViewModel.swift */ = {isa = PBXFileReference; lastKnownFileType = sourcecode.swift; path = CartViewModel.swift; sourceTree = "<group>"; };
		84CDC1BB2B0F84AF0099B120 /* PositionCell.swift */ = {isa = PBXFileReference; lastKnownFileType = sourcecode.swift; path = PositionCell.swift; sourceTree = "<group>"; };
/* End PBXFileReference section */

/* Begin PBXFrameworksBuildPhase section */
		84CDC18D2B0569650099B120 /* Frameworks */ = {
			isa = PBXFrameworksBuildPhase;
			buildActionMask = 2147483647;
			files = (
			);
			runOnlyForDeploymentPostprocessing = 0;
		};
/* End PBXFrameworksBuildPhase section */

/* Begin PBXGroup section */
		84CDC1872B0569650099B120 = {
			isa = PBXGroup;
			children = (
				84CDC1922B0569650099B120 /* PizzaApp */,
				84CDC1912B0569650099B120 /* Products */,
			);
			sourceTree = "<group>";
		};
		84CDC1912B0569650099B120 /* Products */ = {
			isa = PBXGroup;
			children = (
				84CDC1902B0569650099B120 /* PizzaApp.app */,
			);
			name = Products;
			sourceTree = "<group>";
		};
		84CDC1922B0569650099B120 /* PizzaApp */ = {
			isa = PBXGroup;
			children = (
				84CDC1932B0569650099B120 /* PizzaAppApp.swift */,
				84CDC1AF2B079FB10099B120 /* Model */,
				84CDC1A92B078A5F0099B120 /* View */,
				84CDC1B02B079FCF0099B120 /* ViewModel */,
				84CDC1972B0569670099B120 /* Assets.xcassets */,
				84CDC1992B0569670099B120 /* Preview Content */,
			);
			path = PizzaApp;
			sourceTree = "<group>";
		};
		84CDC1992B0569670099B120 /* Preview Content */ = {
			isa = PBXGroup;
			children = (
				84CDC19A2B0569670099B120 /* Preview Assets.xcassets */,
			);
			path = "Preview Content";
			sourceTree = "<group>";
		};
		84CDC1A92B078A5F0099B120 /* View */ = {
			isa = PBXGroup;
			children = (
				84CDC1952B0569650099B120 /* AuthView.swift */,
				84CDC1A12B0643E40099B120 /* MainTabBar.swift */,
				84CDC1A52B064CF30099B120 /* ProfileView.swift */,
				84CDC1A32B064CD20099B120 /* MenuView.swift */,
				84CDC1B32B0BB7B50099B120 /* ProductDetailsView.swift */,
				84CDC1A72B064D050099B120 /* CartView.swift */,
				84CDC1AE2B078CC70099B120 /* Components */,
			);
			path = View;
			sourceTree = "<group>";
		};
		84CDC1AE2B078CC70099B120 /* Components */ = {
			isa = PBXGroup;
			children = (
				84CDC1AC2B078CC10099B120 /* ProductCell.swift */,
				84CDC1BB2B0F84AF0099B120 /* PositionCell.swift */,
			);
			path = Components;
			sourceTree = "<group>";
		};
		84CDC1AF2B079FB10099B120 /* Model */ = {
			isa = PBXGroup;
			children = (
				84CDC1AA2B078AC00099B120 /* Product.swift */,
				84CDC1B72B0D05800099B120 /* Position.swift */,
			);
			path = Model;
			sourceTree = "<group>";
		};
		84CDC1B02B079FCF0099B120 /* ViewModel */ = {
			isa = PBXGroup;
			children = (
				84CDC1B12B07A0230099B120 /* MenuViewModel.swift */,
				84CDC1B52B0CC20B0099B120 /* ProductDetailsViewModel.swift */,
				84CDC1B92B0D064A0099B120 /* CartViewModel.swift */,
			);
			path = ViewModel;
			sourceTree = "<group>";
		};
/* End PBXGroup section */

/* Begin PBXNativeTarget section */
		84CDC18F2B0569650099B120 /* PizzaApp */ = {
			isa = PBXNativeTarget;
			buildConfigurationList = 84CDC19E2B0569670099B120 /* Build configuration list for PBXNativeTarget "PizzaApp" */;
			buildPhases = (
				84CDC18C2B0569650099B120 /* Sources */,
				84CDC18D2B0569650099B120 /* Frameworks */,
				84CDC18E2B0569650099B120 /* Resources */,
			);
			buildRules = (
			);
			dependencies = (
			);
			name = PizzaApp;
			productName = PizzaApp;
			productReference = 84CDC1902B0569650099B120 /* PizzaApp.app */;
			productType = "com.apple.product-type.application";
		};
/* End PBXNativeTarget section */

/* Begin PBXProject section */
		84CDC1882B0569650099B120 /* Project object */ = {
			isa = PBXProject;
			attributes = {
				BuildIndependentTargetsInParallel = 1;
				LastSwiftUpdateCheck = 1500;
				LastUpgradeCheck = 1500;
				TargetAttributes = {
					84CDC18F2B0569650099B120 = {
						CreatedOnToolsVersion = 15.0.1;
					};
				};
			};
			buildConfigurationList = 84CDC18B2B0569650099B120 /* Build configuration list for PBXProject "PizzaApp" */;
			compatibilityVersion = "Xcode 14.0";
			developmentRegion = en;
			hasScannedForEncodings = 0;
			knownRegions = (
				en,
				Base,
			);
			mainGroup = 84CDC1872B0569650099B120;
			productRefGroup = 84CDC1912B0569650099B120 /* Products */;
			projectDirPath = "";
			projectRoot = "";
			targets = (
				84CDC18F2B0569650099B120 /* PizzaApp */,
			);
		};
/* End PBXProject section */

/* Begin PBXResourcesBuildPhase section */
		84CDC18E2B0569650099B120 /* Resources */ = {
			isa = PBXResourcesBuildPhase;
			buildActionMask = 2147483647;
			files = (
				84CDC19B2B0569670099B120 /* Preview Assets.xcassets in Resources */,
				84CDC1982B0569670099B120 /* Assets.xcassets in Resources */,
			);
			runOnlyForDeploymentPostprocessing = 0;
		};
/* End PBXResourcesBuildPhase section */

/* Begin PBXSourcesBuildPhase section */
		84CDC18C2B0569650099B120 /* Sources */ = {
			isa = PBXSourcesBuildPhase;
			buildActionMask = 2147483647;
			files = (
				84CDC1A82B064D050099B120 /* CartView.swift in Sources */,
				84CDC1B22B07A0230099B120 /* MenuViewModel.swift in Sources */,
				84CDC1B82B0D05800099B120 /* Position.swift in Sources */,
				84CDC1BA2B0D064A0099B120 /* CartViewModel.swift in Sources */,
				84CDC1A22B0643E40099B120 /* MainTabBar.swift in Sources */,
				84CDC1A42B064CD20099B120 /* MenuView.swift in Sources */,
				84CDC1A62B064CF30099B120 /* ProfileView.swift in Sources */,
				84CDC1B42B0BB7B50099B120 /* ProductDetailsView.swift in Sources */,
				84CDC1B62B0CC20B0099B120 /* ProductDetailsViewModel.swift in Sources */,
				84CDC1BC2B0F84AF0099B120 /* PositionCell.swift in Sources */,
				84CDC1962B0569650099B120 /* AuthView.swift in Sources */,
				84CDC1AD2B078CC10099B120 /* ProductCell.swift in Sources */,
				84CDC1942B0569650099B120 /* PizzaAppApp.swift in Sources */,
				84CDC1AB2B078AC00099B120 /* Product.swift in Sources */,
			);
			runOnlyForDeploymentPostprocessing = 0;
		};
/* End PBXSourcesBuildPhase section */

/* Begin XCBuildConfiguration section */
		84CDC19C2B0569670099B120 /* Debug */ = {
			isa = XCBuildConfiguration;
			buildSettings = {
				ALWAYS_SEARCH_USER_PATHS = NO;
				ASSETCATALOG_COMPILER_GENERATE_SWIFT_ASSET_SYMBOL_EXTENSIONS = YES;
				CLANG_ANALYZER_NONNULL = YES;
				CLANG_ANALYZER_NUMBER_OBJECT_CONVERSION = YES_AGGRESSIVE;
				CLANG_CXX_LANGUAGE_STANDARD = "gnu++20";
				CLANG_ENABLE_MODULES = YES;
				CLANG_ENABLE_OBJC_ARC = YES;
				CLANG_ENABLE_OBJC_WEAK = YES;
				CLANG_WARN_BLOCK_CAPTURE_AUTORELEASING = YES;
				CLANG_WARN_BOOL_CONVERSION = YES;
				CLANG_WARN_COMMA = YES;
				CLANG_WARN_CONSTANT_CONVERSION = YES;
				CLANG_WARN_DEPRECATED_OBJC_IMPLEMENTATIONS = YES;
				CLANG_WARN_DIRECT_OBJC_ISA_USAGE = YES_ERROR;
				CLANG_WARN_DOCUMENTATION_COMMENTS = YES;
				CLANG_WARN_EMPTY_BODY = YES;
				CLANG_WARN_ENUM_CONVERSION = YES;
				CLANG_WARN_INFINITE_RECURSION = YES;
				CLANG_WARN_INT_CONVERSION = YES;
				CLANG_WARN_NON_LITERAL_NULL_CONVERSION = YES;
				CLANG_WARN_OBJC_IMPLICIT_RETAIN_SELF = YES;
				CLANG_WARN_OBJC_LITERAL_CONVERSION = YES;
				CLANG_WARN_OBJC_ROOT_CLASS = YES_ERROR;
				CLANG_WARN_QUOTED_INCLUDE_IN_FRAMEWORK_HEADER = YES;
				CLANG_WARN_RANGE_LOOP_ANALYSIS = YES;
				CLANG_WARN_STRICT_PROTOTYPES = YES;
				CLANG_WARN_SUSPICIOUS_MOVE = YES;
				CLANG_WARN_UNGUARDED_AVAILABILITY = YES_AGGRESSIVE;
				CLANG_WARN_UNREACHABLE_CODE = YES;
				CLANG_WARN__DUPLICATE_METHOD_MATCH = YES;
				COPY_PHASE_STRIP = NO;
				DEBUG_INFORMATION_FORMAT = dwarf;
				ENABLE_STRICT_OBJC_MSGSEND = YES;
				ENABLE_TESTABILITY = YES;
				ENABLE_USER_SCRIPT_SANDBOXING = YES;
				GCC_C_LANGUAGE_STANDARD = gnu17;
				GCC_DYNAMIC_NO_PIC = NO;
				GCC_NO_COMMON_BLOCKS = YES;
				GCC_OPTIMIZATION_LEVEL = 0;
				GCC_PREPROCESSOR_DEFINITIONS = (
					"DEBUG=1",
					"$(inherited)",
				);
				GCC_WARN_64_TO_32_BIT_CONVERSION = YES;
				GCC_WARN_ABOUT_RETURN_TYPE = YES_ERROR;
				GCC_WARN_UNDECLARED_SELECTOR = YES;
				GCC_WARN_UNINITIALIZED_AUTOS = YES_AGGRESSIVE;
				GCC_WARN_UNUSED_FUNCTION = YES;
				GCC_WARN_UNUSED_VARIABLE = YES;
				IPHONEOS_DEPLOYMENT_TARGET = 17.0;
				LOCALIZATION_PREFERS_STRING_CATALOGS = YES;
				MTL_ENABLE_DEBUG_INFO = INCLUDE_SOURCE;
				MTL_FAST_MATH = YES;
				ONLY_ACTIVE_ARCH = YES;
				SDKROOT = iphoneos;
				SWIFT_ACTIVE_COMPILATION_CONDITIONS = "DEBUG $(inherited)";
				SWIFT_OPTIMIZATION_LEVEL = "-Onone";
			};
			name = Debug;
		};
		84CDC19D2B0569670099B120 /* Release */ = {
			isa = XCBuildConfiguration;
			buildSettings = {
				ALWAYS_SEARCH_USER_PATHS = NO;
				ASSETCATALOG_COMPILER_GENERATE_SWIFT_ASSET_SYMBOL_EXTENSIONS = YES;
				CLANG_ANALYZER_NONNULL = YES;
				CLANG_ANALYZER_NUMBER_OBJECT_CONVERSION = YES_AGGRESSIVE;
				CLANG_CXX_LANGUAGE_STANDARD = "gnu++20";
				CLANG_ENABLE_MODULES = YES;
				CLANG_ENABLE_OBJC_ARC = YES;
				CLANG_ENABLE_OBJC_WEAK = YES;
				CLANG_WARN_BLOCK_CAPTURE_AUTORELEASING = YES;
				CLANG_WARN_BOOL_CONVERSION = YES;
				CLANG_WARN_COMMA = YES;
				CLANG_WARN_CONSTANT_CONVERSION = YES;
				CLANG_WARN_DEPRECATED_OBJC_IMPLEMENTATIONS = YES;
				CLANG_WARN_DIRECT_OBJC_ISA_USAGE = YES_ERROR;
				CLANG_WARN_DOCUMENTATION_COMMENTS = YES;
				CLANG_WARN_EMPTY_BODY = YES;
				CLANG_WARN_ENUM_CONVERSION = YES;
				CLANG_WARN_INFINITE_RECURSION = YES;
				CLANG_WARN_INT_CONVERSION = YES;
				CLANG_WARN_NON_LITERAL_NULL_CONVERSION = YES;
				CLANG_WARN_OBJC_IMPLICIT_RETAIN_SELF = YES;
				CLANG_WARN_OBJC_LITERAL_CONVERSION = YES;
				CLANG_WARN_OBJC_ROOT_CLASS = YES_ERROR;
				CLANG_WARN_QUOTED_INCLUDE_IN_FRAMEWORK_HEADER = YES;
				CLANG_WARN_RANGE_LOOP_ANALYSIS = YES;
				CLANG_WARN_STRICT_PROTOTYPES = YES;
				CLANG_WARN_SUSPICIOUS_MOVE = YES;
				CLANG_WARN_UNGUARDED_AVAILABILITY = YES_AGGRESSIVE;
				CLANG_WARN_UNREACHABLE_CODE = YES;
				CLANG_WARN__DUPLICATE_METHOD_MATCH = YES;
				COPY_PHASE_STRIP = NO;
				DEBUG_INFORMATION_FORMAT = "dwarf-with-dsym";
				ENABLE_NS_ASSERTIONS = NO;
				ENABLE_STRICT_OBJC_MSGSEND = YES;
				ENABLE_USER_SCRIPT_SANDBOXING = YES;
				GCC_C_LANGUAGE_STANDARD = gnu17;
				GCC_NO_COMMON_BLOCKS = YES;
				GCC_WARN_64_TO_32_BIT_CONVERSION = YES;
				GCC_WARN_ABOUT_RETURN_TYPE = YES_ERROR;
				GCC_WARN_UNDECLARED_SELECTOR = YES;
				GCC_WARN_UNINITIALIZED_AUTOS = YES_AGGRESSIVE;
				GCC_WARN_UNUSED_FUNCTION = YES;
				GCC_WARN_UNUSED_VARIABLE = YES;
				IPHONEOS_DEPLOYMENT_TARGET = 17.0;
				LOCALIZATION_PREFERS_STRING_CATALOGS = YES;
				MTL_ENABLE_DEBUG_INFO = NO;
				MTL_FAST_MATH = YES;
				SDKROOT = iphoneos;
				SWIFT_COMPILATION_MODE = wholemodule;
				VALIDATE_PRODUCT = YES;
			};
			name = Release;
		};
		84CDC19F2B0569670099B120 /* Debug */ = {
			isa = XCBuildConfiguration;
			buildSettings = {
				ASSETCATALOG_COMPILER_APPICON_NAME = AppIcon;
				ASSETCATALOG_COMPILER_GLOBAL_ACCENT_COLOR_NAME = AccentColor;
				CODE_SIGN_STYLE = Automatic;
				CURRENT_PROJECT_VERSION = 1;
				DEVELOPMENT_ASSET_PATHS = "\"PizzaApp/Preview Content\"";
				DEVELOPMENT_TEAM = LQ4DU59J9S;
				ENABLE_PREVIEWS = YES;
				GENERATE_INFOPLIST_FILE = YES;
				INFOPLIST_KEY_UIApplicationSceneManifest_Generation = YES;
				INFOPLIST_KEY_UIApplicationSupportsIndirectInputEvents = YES;
				INFOPLIST_KEY_UILaunchScreen_Generation = YES;
				INFOPLIST_KEY_UISupportedInterfaceOrientations_iPad = "UIInterfaceOrientationPortrait UIInterfaceOrientationPortraitUpsideDown UIInterfaceOrientationLandscapeLeft UIInterfaceOrientationLandscapeRight";
				INFOPLIST_KEY_UISupportedInterfaceOrientations_iPhone = "UIInterfaceOrientationPortrait UIInterfaceOrientationLandscapeLeft UIInterfaceOrientationLandscapeRight";
				LD_RUNPATH_SEARCH_PATHS = (
					"$(inherited)",
					"@executable_path/Frameworks",
				);
				MARKETING_VERSION = 1.0;
				PRODUCT_BUNDLE_IDENTIFIER = Alia.PizzaApp;
				PRODUCT_NAME = "$(TARGET_NAME)";
				SWIFT_EMIT_LOC_STRINGS = YES;
				SWIFT_VERSION = 5.0;
				TARGETED_DEVICE_FAMILY = "1,2";
			};
			name = Debug;
		};
		84CDC1A02B0569670099B120 /* Release */ = {
			isa = XCBuildConfiguration;
			buildSettings = {
				ASSETCATALOG_COMPILER_APPICON_NAME = AppIcon;
				ASSETCATALOG_COMPILER_GLOBAL_ACCENT_COLOR_NAME = AccentColor;
				CODE_SIGN_STYLE = Automatic;
				CURRENT_PROJECT_VERSION = 1;
				DEVELOPMENT_ASSET_PATHS = "\"PizzaApp/Preview Content\"";
				DEVELOPMENT_TEAM = LQ4DU59J9S;
				ENABLE_PREVIEWS = YES;
				GENERATE_INFOPLIST_FILE = YES;
				INFOPLIST_KEY_UIApplicationSceneManifest_Generation = YES;
				INFOPLIST_KEY_UIApplicationSupportsIndirectInputEvents = YES;
				INFOPLIST_KEY_UILaunchScreen_Generation = YES;
				INFOPLIST_KEY_UISupportedInterfaceOrientations_iPad = "UIInterfaceOrientationPortrait UIInterfaceOrientationPortraitUpsideDown UIInterfaceOrientationLandscapeLeft UIInterfaceOrientationLandscapeRight";
				INFOPLIST_KEY_UISupportedInterfaceOrientations_iPhone = "UIInterfaceOrientationPortrait UIInterfaceOrientationLandscapeLeft UIInterfaceOrientationLandscapeRight";
				LD_RUNPATH_SEARCH_PATHS = (
					"$(inherited)",
					"@executable_path/Frameworks",
				);
				MARKETING_VERSION = 1.0;
				PRODUCT_BUNDLE_IDENTIFIER = Alia.PizzaApp;
				PRODUCT_NAME = "$(TARGET_NAME)";
				SWIFT_EMIT_LOC_STRINGS = YES;
				SWIFT_VERSION = 5.0;
				TARGETED_DEVICE_FAMILY = "1,2";
			};
			name = Release;
		};
/* End XCBuildConfiguration section */

/* Begin XCConfigurationList section */
		84CDC18B2B0569650099B120 /* Build configuration list for PBXProject "PizzaApp" */ = {
			isa = XCConfigurationList;
			buildConfigurations = (
				84CDC19C2B0569670099B120 /* Debug */,
				84CDC19D2B0569670099B120 /* Release */,
			);
			defaultConfigurationIsVisible = 0;
			defaultConfigurationName = Release;
		};
		84CDC19E2B0569670099B120 /* Build configuration list for PBXNativeTarget "PizzaApp" */ = {
			isa = XCConfigurationList;
			buildConfigurations = (
				84CDC19F2B0569670099B120 /* Debug */,
				84CDC1A02B0569670099B120 /* Release */,
			);
			defaultConfigurationIsVisible = 0;
			defaultConfigurationName = Release;
		};
/* End XCConfigurationList section */
	};
	rootObject = 84CDC1882B0569650099B120 /* Project object */;
}
