// !$*UTF8*$!
{
	archiveVersion = 1;
	classes = {
	};
	objectVersion = 56;
	objects = {

/* Begin PBXBuildFile section */
		840CB8FA2C11E9EE00D014CC /* GIFF.gif in Resources */ = {isa = PBXBuildFile; fileRef = 840CB8F92C11E9EE00D014CC /* GIFF.gif */; };
		840CB8FE2C11ECA000D014CC /* gifv2.gif in Resources */ = {isa = PBXBuildFile; fileRef = 840CB8FD2C11ECA000D014CC /* gifv2.gif */; };
		840CB9012C17019300D014CC /* IMG_6376.PNG in Resources */ = {isa = PBXBuildFile; fileRef = 840CB8FF2C17019300D014CC /* IMG_6376.PNG */; };
		840CB9022C17019300D014CC /* IMG_6375.PNG in Resources */ = {isa = PBXBuildFile; fileRef = 840CB9002C17019300D014CC /* IMG_6375.PNG */; };
		840CB9062C1703BB00D014CC /* IMG_6379.PNG in Resources */ = {isa = PBXBuildFile; fileRef = 840CB9032C1703BB00D014CC /* IMG_6379.PNG */; };
		840CB9072C1703BB00D014CC /* IMG_6381.PNG in Resources */ = {isa = PBXBuildFile; fileRef = 840CB9042C1703BB00D014CC /* IMG_6381.PNG */; };
		840CB9082C1703BB00D014CC /* IMG_6380.PNG in Resources */ = {isa = PBXBuildFile; fileRef = 840CB9052C1703BB00D014CC /* IMG_6380.PNG */; };
		840CB90A2C1707C000D014CC /* authView.gif in Resources */ = {isa = PBXBuildFile; fileRef = 840CB9092C1707C000D014CC /* authView.gif */; };
		843E92C12C11B5F0000CCED9 /* sc.PNG in Resources */ = {isa = PBXBuildFile; fileRef = 843E92BF2C11B5EF000CCED9 /* sc.PNG */; };
		843E92C22C11B5F0000CCED9 /* screenShot2.PNG in Resources */ = {isa = PBXBuildFile; fileRef = 843E92C02C11B5F0000CCED9 /* screenShot2.PNG */; };
		847A44C02B55732E0076C939 /* AuthService.swift in Sources */ = {isa = PBXBuildFile; fileRef = 847A44BF2B55732E0076C939 /* AuthService.swift */; };
		847A44C72B557B720076C939 /* FirebaseAuth in Frameworks */ = {isa = PBXBuildFile; productRef = 847A44C62B557B720076C939 /* FirebaseAuth */; };
		847A44C92B5828C70076C939 /* MainTabBarViewModel.swift in Sources */ = {isa = PBXBuildFile; fileRef = 847A44C82B5828C70076C939 /* MainTabBarViewModel.swift */; };
		847A44CB2B5EA97D0076C939 /* PizzaUser.swift in Sources */ = {isa = PBXBuildFile; fileRef = 847A44CA2B5EA97D0076C939 /* PizzaUser.swift */; };
		847A44CD2B5EB0010076C939 /* DatabaseService.swift in Sources */ = {isa = PBXBuildFile; fileRef = 847A44CC2B5EB0010076C939 /* DatabaseService.swift */; };
		847A44CF2B5EB0360076C939 /* FirebaseFirestore in Frameworks */ = {isa = PBXBuildFile; productRef = 847A44CE2B5EB0360076C939 /* FirebaseFirestore */; };
		847A44D12B6161660076C939 /* ProfileViewModel.swift in Sources */ = {isa = PBXBuildFile; fileRef = 847A44D02B6161660076C939 /* ProfileViewModel.swift */; };
		847A44F72B7A86210076C939 /* GoogleService-Info.plist in Resources */ = {isa = PBXBuildFile; fileRef = 847A44F62B7A86210076C939 /* GoogleService-Info.plist */; };
		847A44F92B7BD5470076C939 /* Order.swift in Sources */ = {isa = PBXBuildFile; fileRef = 847A44F82B7BD5470076C939 /* Order.swift */; };
		847A44FB2B7BE3310076C939 /* Status.swift in Sources */ = {isa = PBXBuildFile; fileRef = 847A44FA2B7BE3310076C939 /* Status.swift */; };
		847A44FD2B8656B20076C939 /* OrderCell.swift in Sources */ = {isa = PBXBuildFile; fileRef = 847A44FC2B8656B20076C939 /* OrderCell.swift */; };
		847A44FF2B8DF5420076C939 /* AdminOrdersView.swift in Sources */ = {isa = PBXBuildFile; fileRef = 847A44FE2B8DF5410076C939 /* AdminOrdersView.swift */; };
		847A45022B8DFBFF0076C939 /* AdminOrdersViewModel .swift in Sources */ = {isa = PBXBuildFile; fileRef = 847A45012B8DFBFF0076C939 /* AdminOrdersViewModel .swift */; };
		8485E3162B345A9900A232B4 /* GoogleService-Info1.plist in Resources */ = {isa = PBXBuildFile; fileRef = 8485E3152B345A9900A232B4 /* GoogleService-Info1.plist */; };
		848BE9682C10D910000C4322 /* screenShot.PNG in Resources */ = {isa = PBXBuildFile; fileRef = 848BE9672C10D910000C4322 /* screenShot.PNG */; };
		848CA69B2C1725AF00F18323 /* menus.gif in Resources */ = {isa = PBXBuildFile; fileRef = 848CA69A2C1725AF00F18323 /* menus.gif */; };
		84BA9B0E2B9F54ED00601A9C /* OrderView.swift in Sources */ = {isa = PBXBuildFile; fileRef = 84BA9B0D2B9F54EC00601A9C /* OrderView.swift */; };
		84BA9B102B9F550200601A9C /* OrderViewModel.swift in Sources */ = {isa = PBXBuildFile; fileRef = 84BA9B0F2B9F550200601A9C /* OrderViewModel.swift */; };
		84BA9B132BC7FD8100601A9C /* ImagePicker.swift in Sources */ = {isa = PBXBuildFile; fileRef = 84BA9B122BC7FD8100601A9C /* ImagePicker.swift */; };
		84BA9B152BC8070F00601A9C /* AddProductView.swift in Sources */ = {isa = PBXBuildFile; fileRef = 84BA9B142BC8070F00601A9C /* AddProductView.swift */; };
		84BA9B172BD928A300601A9C /* StorageService.swift in Sources */ = {isa = PBXBuildFile; fileRef = 84BA9B162BD928A200601A9C /* StorageService.swift */; };
		84BA9B192BD92A1900601A9C /* FirebaseStorage in Frameworks */ = {isa = PBXBuildFile; productRef = 84BA9B182BD92A1900601A9C /* FirebaseStorage */; };
		84CDC1942B0569650099B120 /* PizzaApp.swift in Sources */ = {isa = PBXBuildFile; fileRef = 84CDC1932B0569650099B120 /* PizzaApp.swift */; };
		84CDC1962B0569650099B120 /* AuthView.swift in Sources */ = {isa = PBXBuildFile; fileRef = 84CDC1952B0569650099B120 /* AuthView.swift */; };
		84CDC1982B0569670099B120 /* Assets.xcassets in Resources */ = {isa = PBXBuildFile; fileRef = 84CDC1972B0569670099B120 /* Assets.xcassets */; };
		84CDC19B2B0569670099B120 /* Preview Assets.xcassets in Resources */ = {isa = PBXBuildFile; fileRef = 84CDC19A2B0569670099B120 /* Preview Assets.xcassets */; };
		84CDC1A22B0643E40099B120 /* MainTabBar.swift in Sources */ = {isa = PBXBuildFile; fileRef = 84CDC1A12B0643E40099B120 /* MainTabBar.swift */; };
		84CDC1A42B064CD20099B120 /* MenuView.swift in Sources */ = {isa = PBXBuildFile; fileRef = 84CDC1A32B064CD20099B120 /* MenuView.swift */; };
		84CDC1A62B064CF30099B120 /* ProfileView.swift in Sources */ = {isa = PBXBuildFile; fileRef = 84CDC1A52B064CF30099B120 /* ProfileView.swift */; };
		84CDC1A82B064D050099B120 /* CartView.swift in Sources */ = {isa = PBXBuildFile; fileRef = 84CDC1A72B064D050099B120 /* CartView.swift */; };
		84CDC1AB2B078AC00099B120 /* Product.swift in Sources */ = {isa = PBXBuildFile; fileRef = 84CDC1AA2B078AC00099B120 /* Product.swift */; };
		84CDC1AD2B078CC10099B120 /* ProductCell.swift in Sources */ = {isa = PBXBuildFile; fileRef = 84CDC1AC2B078CC10099B120 /* ProductCell.swift */; };
		84CDC1B22B07A0230099B120 /* MenuViewModel.swift in Sources */ = {isa = PBXBuildFile; fileRef = 84CDC1B12B07A0230099B120 /* MenuViewModel.swift */; };
		84CDC1B42B0BB7B50099B120 /* ProductDetailsView.swift in Sources */ = {isa = PBXBuildFile; fileRef = 84CDC1B32B0BB7B50099B120 /* ProductDetailsView.swift */; };
		84CDC1B62B0CC20B0099B120 /* ProductDetailsViewModel.swift in Sources */ = {isa = PBXBuildFile; fileRef = 84CDC1B52B0CC20B0099B120 /* ProductDetailsViewModel.swift */; };
		84CDC1B82B0D05800099B120 /* Position.swift in Sources */ = {isa = PBXBuildFile; fileRef = 84CDC1B72B0D05800099B120 /* Position.swift */; };
		84CDC1BA2B0D064A0099B120 /* CartViewModel.swift in Sources */ = {isa = PBXBuildFile; fileRef = 84CDC1B92B0D064A0099B120 /* CartViewModel.swift */; };
		84CDC1BC2B0F84AF0099B120 /* PositionCell.swift in Sources */ = {isa = PBXBuildFile; fileRef = 84CDC1BB2B0F84AF0099B120 /* PositionCell.swift */; };
		84DEF42F2B55677400B80EE3 /* FirebaseAnalytics in Frameworks */ = {isa = PBXBuildFile; productRef = 84DEF42E2B55677400B80EE3 /* FirebaseAnalytics */; };
		84DEF4312B55677400B80EE3 /* FirebaseAnalyticsOnDeviceConversion in Frameworks */ = {isa = PBXBuildFile; productRef = 84DEF4302B55677400B80EE3 /* FirebaseAnalyticsOnDeviceConversion */; };
		84DEF4332B55677400B80EE3 /* FirebaseAnalyticsSwift in Frameworks */ = {isa = PBXBuildFile; productRef = 84DEF4322B55677400B80EE3 /* FirebaseAnalyticsSwift */; };
		84DEF4352B55677400B80EE3 /* FirebaseAnalyticsWithoutAdIdSupport in Frameworks */ = {isa = PBXBuildFile; productRef = 84DEF4342B55677400B80EE3 /* FirebaseAnalyticsWithoutAdIdSupport */; };
		84DEF4372B55677400B80EE3 /* FirebaseAppCheck in Frameworks */ = {isa = PBXBuildFile; productRef = 84DEF4362B55677400B80EE3 /* FirebaseAppCheck */; };
/* End PBXBuildFile section */

/* Begin PBXFileReference section */
		840CB8F92C11E9EE00D014CC /* GIFF.gif */ = {isa = PBXFileReference; lastKnownFileType = image.gif; path = GIFF.gif; sourceTree = "<group>"; };
		840CB8FD2C11ECA000D014CC /* gifv2.gif */ = {isa = PBXFileReference; lastKnownFileType = image.gif; path = gifv2.gif; sourceTree = "<group>"; };
		840CB8FF2C17019300D014CC /* IMG_6376.PNG */ = {isa = PBXFileReference; lastKnownFileType = image.png; path = IMG_6376.PNG; sourceTree = "<group>"; };
		840CB9002C17019300D014CC /* IMG_6375.PNG */ = {isa = PBXFileReference; lastKnownFileType = image.png; path = IMG_6375.PNG; sourceTree = "<group>"; };
		840CB9032C1703BB00D014CC /* IMG_6379.PNG */ = {isa = PBXFileReference; lastKnownFileType = image.png; path = IMG_6379.PNG; sourceTree = "<group>"; };
		840CB9042C1703BB00D014CC /* IMG_6381.PNG */ = {isa = PBXFileReference; lastKnownFileType = image.png; path = IMG_6381.PNG; sourceTree = "<group>"; };
		840CB9052C1703BB00D014CC /* IMG_6380.PNG */ = {isa = PBXFileReference; lastKnownFileType = image.png; path = IMG_6380.PNG; sourceTree = "<group>"; };
		840CB9092C1707C000D014CC /* authView.gif */ = {isa = PBXFileReference; lastKnownFileType = image.gif; path = authView.gif; sourceTree = "<group>"; };
		843E92BF2C11B5EF000CCED9 /* sc.PNG */ = {isa = PBXFileReference; lastKnownFileType = image.png; path = sc.PNG; sourceTree = "<group>"; };
		843E92C02C11B5F0000CCED9 /* screenShot2.PNG */ = {isa = PBXFileReference; lastKnownFileType = image.png; path = screenShot2.PNG; sourceTree = "<group>"; };
		847A44BF2B55732E0076C939 /* AuthService.swift */ = {isa = PBXFileReference; lastKnownFileType = sourcecode.swift; path = AuthService.swift; sourceTree = "<group>"; };
		847A44C82B5828C70076C939 /* MainTabBarViewModel.swift */ = {isa = PBXFileReference; lastKnownFileType = sourcecode.swift; path = MainTabBarViewModel.swift; sourceTree = "<group>"; };
		847A44CA2B5EA97D0076C939 /* PizzaUser.swift */ = {isa = PBXFileReference; lastKnownFileType = sourcecode.swift; path = PizzaUser.swift; sourceTree = "<group>"; };
		847A44CC2B5EB0010076C939 /* DatabaseService.swift */ = {isa = PBXFileReference; lastKnownFileType = sourcecode.swift; path = DatabaseService.swift; sourceTree = "<group>"; };
		847A44D02B6161660076C939 /* ProfileViewModel.swift */ = {isa = PBXFileReference; lastKnownFileType = sourcecode.swift; path = ProfileViewModel.swift; sourceTree = "<group>"; };
		847A44F62B7A86210076C939 /* GoogleService-Info.plist */ = {isa = PBXFileReference; fileEncoding = 4; lastKnownFileType = text.plist.xml; path = "GoogleService-Info.plist"; sourceTree = "<group>"; };
		847A44F82B7BD5470076C939 /* Order.swift */ = {isa = PBXFileReference; lastKnownFileType = sourcecode.swift; path = Order.swift; sourceTree = "<group>"; };
		847A44FA2B7BE3310076C939 /* Status.swift */ = {isa = PBXFileReference; lastKnownFileType = sourcecode.swift; path = Status.swift; sourceTree = "<group>"; };
		847A44FC2B8656B20076C939 /* OrderCell.swift */ = {isa = PBXFileReference; lastKnownFileType = sourcecode.swift; path = OrderCell.swift; sourceTree = "<group>"; };
		847A44FE2B8DF5410076C939 /* AdminOrdersView.swift */ = {isa = PBXFileReference; lastKnownFileType = sourcecode.swift; path = AdminOrdersView.swift; sourceTree = "<group>"; };
		847A45012B8DFBFF0076C939 /* AdminOrdersViewModel .swift */ = {isa = PBXFileReference; lastKnownFileType = sourcecode.swift; path = "AdminOrdersViewModel .swift"; sourceTree = "<group>"; };
		8485E3152B345A9900A232B4 /* GoogleService-Info1.plist */ = {isa = PBXFileReference; fileEncoding = 4; lastKnownFileType = text.plist.xml; path = "GoogleService-Info1.plist"; sourceTree = "<group>"; };
		848BE9652C109805000C4322 /* README.md */ = {isa = PBXFileReference; lastKnownFileType = net.daringfireball.markdown; path = README.md; sourceTree = "<group>"; };
		848BE9672C10D910000C4322 /* screenShot.PNG */ = {isa = PBXFileReference; lastKnownFileType = image.png; path = screenShot.PNG; sourceTree = "<group>"; };
		848CA69A2C1725AF00F18323 /* menus.gif */ = {isa = PBXFileReference; lastKnownFileType = image.gif; path = menus.gif; sourceTree = "<group>"; };
		84BA9B0D2B9F54EC00601A9C /* OrderView.swift */ = {isa = PBXFileReference; lastKnownFileType = sourcecode.swift; path = OrderView.swift; sourceTree = "<group>"; };
		84BA9B0F2B9F550200601A9C /* OrderViewModel.swift */ = {isa = PBXFileReference; lastKnownFileType = sourcecode.swift; path = OrderViewModel.swift; sourceTree = "<group>"; };
		84BA9B112BC7FB0300601A9C /* Info.plist */ = {isa = PBXFileReference; lastKnownFileType = text.plist; path = Info.plist; sourceTree = "<group>"; };
		84BA9B122BC7FD8100601A9C /* ImagePicker.swift */ = {isa = PBXFileReference; lastKnownFileType = sourcecode.swift; path = ImagePicker.swift; sourceTree = "<group>"; };
		84BA9B142BC8070F00601A9C /* AddProductView.swift */ = {isa = PBXFileReference; lastKnownFileType = sourcecode.swift; path = AddProductView.swift; sourceTree = "<group>"; };
		84BA9B162BD928A200601A9C /* StorageService.swift */ = {isa = PBXFileReference; lastKnownFileType = sourcecode.swift; path = StorageService.swift; sourceTree = "<group>"; };
		84CDC1902B0569650099B120 /* PizzaApp.app */ = {isa = PBXFileReference; explicitFileType = wrapper.application; includeInIndex = 0; path = PizzaApp.app; sourceTree = BUILT_PRODUCTS_DIR; };
		84CDC1932B0569650099B120 /* PizzaApp.swift */ = {isa = PBXFileReference; lastKnownFileType = sourcecode.swift; path = PizzaApp.swift; sourceTree = "<group>"; };
		84CDC1952B0569650099B120 /* AuthView.swift */ = {isa = PBXFileReference; lastKnownFileType = sourcecode.swift; path = AuthView.swift; sourceTree = "<group>"; };
		84CDC1972B0569670099B120 /* Assets.xcassets */ = {isa = PBXFileReference; lastKnownFileType = folder.assetcatalog; path = Assets.xcassets; sourceTree = "<group>"; };
		84CDC19A2B0569670099B120 /* Preview Assets.xcassets */ = {isa = PBXFileReference; lastKnownFileType = folder.assetcatalog; path = "Preview Assets.xcassets"; sourceTree = "<group>"; };
		84CDC1A12B0643E40099B120 /* MainTabBar.swift */ = {isa = PBXFileReference; lastKnownFileType = sourcecode.swift; path = MainTabBar.swift; sourceTree = "<group>"; };
		84CDC1A32B064CD20099B120 /* MenuView.swift */ = {isa = PBXFileReference; lastKnownFileType = sourcecode.swift; path = MenuView.swift; sourceTree = "<group>"; };
		84CDC1A52B064CF30099B120 /* ProfileView.swift */ = {isa = PBXFileReference; lastKnownFileType = sourcecode.swift; path = ProfileView.swift; sourceTree = "<group>"; };
		84CDC1A72B064D050099B120 /* CartView.swift */ = {isa = PBXFileReference; lastKnownFileType = sourcecode.swift; path = CartView.swift; sourceTree = "<group>"; };
		84CDC1AA2B078AC00099B120 /* Product.swift */ = {isa = PBXFileReference; lastKnownFileType = sourcecode.swift; path = Product.swift; sourceTree = "<group>"; };
		84CDC1AC2B078CC10099B120 /* ProductCell.swift */ = {isa = PBXFileReference; lastKnownFileType = sourcecode.swift; path = ProductCell.swift; sourceTree = "<group>"; };
		84CDC1B12B07A0230099B120 /* MenuViewModel.swift */ = {isa = PBXFileReference; lastKnownFileType = sourcecode.swift; path = MenuViewModel.swift; sourceTree = "<group>"; };
		84CDC1B32B0BB7B50099B120 /* ProductDetailsView.swift */ = {isa = PBXFileReference; lastKnownFileType = sourcecode.swift; path = ProductDetailsView.swift; sourceTree = "<group>"; };
		84CDC1B52B0CC20B0099B120 /* ProductDetailsViewModel.swift */ = {isa = PBXFileReference; lastKnownFileType = sourcecode.swift; path = ProductDetailsViewModel.swift; sourceTree = "<group>"; };
		84CDC1B72B0D05800099B120 /* Position.swift */ = {isa = PBXFileReference; lastKnownFileType = sourcecode.swift; path = Position.swift; sourceTree = "<group>"; };
		84CDC1B92B0D064A0099B120 /* CartViewModel.swift */ = {isa = PBXFileReference; lastKnownFileType = sourcecode.swift; path = CartViewModel.swift; sourceTree = "<group>"; };
		84CDC1BB2B0F84AF0099B120 /* PositionCell.swift */ = {isa = PBXFileReference; lastKnownFileType = sourcecode.swift; path = PositionCell.swift; sourceTree = "<group>"; };
/* End PBXFileReference section */

/* Begin PBXFrameworksBuildPhase section */
		84CDC18D2B0569650099B120 /* Frameworks */ = {
			isa = PBXFrameworksBuildPhase;
			buildActionMask = 2147483647;
			files = (
				84DEF4332B55677400B80EE3 /* FirebaseAnalyticsSwift in Frameworks */,
				847A44C72B557B720076C939 /* FirebaseAuth in Frameworks */,
				84DEF42F2B55677400B80EE3 /* FirebaseAnalytics in Frameworks */,
				84DEF4312B55677400B80EE3 /* FirebaseAnalyticsOnDeviceConversion in Frameworks */,
				84DEF4372B55677400B80EE3 /* FirebaseAppCheck in Frameworks */,
				84BA9B192BD92A1900601A9C /* FirebaseStorage in Frameworks */,
				84DEF4352B55677400B80EE3 /* FirebaseAnalyticsWithoutAdIdSupport in Frameworks */,
				847A44CF2B5EB0360076C939 /* FirebaseFirestore in Frameworks */,
			);
			runOnlyForDeploymentPostprocessing = 0;
		};
/* End PBXFrameworksBuildPhase section */

/* Begin PBXGroup section */
		847A44C42B5574A30076C939 /* Services */ = {
			isa = PBXGroup;
			children = (
				847A44BF2B55732E0076C939 /* AuthService.swift */,
				847A44CC2B5EB0010076C939 /* DatabaseService.swift */,
				84BA9B162BD928A200601A9C /* StorageService.swift */,
			);
			path = Services;
			sourceTree = "<group>";
		};
		847A44C52B557B720076C939 /* Frameworks */ = {
			isa = PBXGroup;
			children = (
			);
			name = Frameworks;
			sourceTree = "<group>";
		};
		847A45002B8DF5480076C939 /* AdminInterface */ = {
			isa = PBXGroup;
			children = (
				847A44FE2B8DF5410076C939 /* AdminOrdersView.swift */,
				84BA9B0D2B9F54EC00601A9C /* OrderView.swift */,
				84BA9B142BC8070F00601A9C /* AddProductView.swift */,
			);
			path = AdminInterface;
			sourceTree = "<group>";
		};
		848BE9662C10D882000C4322 /* docs */ = {
			isa = PBXGroup;
			children = (
				848CA69A2C1725AF00F18323 /* menus.gif */,
				840CB9002C17019300D014CC /* IMG_6375.PNG */,
				840CB8FF2C17019300D014CC /* IMG_6376.PNG */,
				840CB9032C1703BB00D014CC /* IMG_6379.PNG */,
				840CB9052C1703BB00D014CC /* IMG_6380.PNG */,
				840CB9042C1703BB00D014CC /* IMG_6381.PNG */,
				840CB9092C1707C000D014CC /* authView.gif */,
				840CB8FD2C11ECA000D014CC /* gifv2.gif */,
				840CB8F92C11E9EE00D014CC /* GIFF.gif */,
				848BE9672C10D910000C4322 /* screenShot.PNG */,
				843E92BF2C11B5EF000CCED9 /* sc.PNG */,
				843E92C02C11B5F0000CCED9 /* screenShot2.PNG */,
			);
			path = docs;
			sourceTree = "<group>";
		};
		84CDC1872B0569650099B120 = {
			isa = PBXGroup;
			children = (
				848BE9662C10D882000C4322 /* docs */,
				848BE9652C109805000C4322 /* README.md */,
				84CDC1922B0569650099B120 /* PizzaApp */,
				84CDC1912B0569650099B120 /* Products */,
				847A44C52B557B720076C939 /* Frameworks */,
			);
			sourceTree = "<group>";
		};
		84CDC1912B0569650099B120 /* Products */ = {
			isa = PBXGroup;
			children = (
				84CDC1902B0569650099B120 /* PizzaApp.app */,
			);
			name = Products;
			sourceTree = "<group>";
		};
		84CDC1922B0569650099B120 /* PizzaApp */ = {
			isa = PBXGroup;
			children = (
				84BA9B112BC7FB0300601A9C /* Info.plist */,
				84CDC1932B0569650099B120 /* PizzaApp.swift */,
				847A44C42B5574A30076C939 /* Services */,
				84CDC1AF2B079FB10099B120 /* Model */,
				84CDC1A92B078A5F0099B120 /* View */,
				84CDC1B02B079FCF0099B120 /* ViewModel */,
				84CDC1972B0569670099B120 /* Assets.xcassets */,
				847A44F62B7A86210076C939 /* GoogleService-Info.plist */,
				8485E3152B345A9900A232B4 /* GoogleService-Info1.plist */,
				84CDC1992B0569670099B120 /* Preview Content */,
			);
			path = PizzaApp;
			sourceTree = "<group>";
		};
		84CDC1992B0569670099B120 /* Preview Content */ = {
			isa = PBXGroup;
			children = (
				84CDC19A2B0569670099B120 /* Preview Assets.xcassets */,
			);
			path = "Preview Content";
			sourceTree = "<group>";
		};
		84CDC1A92B078A5F0099B120 /* View */ = {
			isa = PBXGroup;
			children = (
				847A45002B8DF5480076C939 /* AdminInterface */,
				84CDC1952B0569650099B120 /* AuthView.swift */,
				84CDC1A12B0643E40099B120 /* MainTabBar.swift */,
				84CDC1A52B064CF30099B120 /* ProfileView.swift */,
				84CDC1A32B064CD20099B120 /* MenuView.swift */,
				84CDC1B32B0BB7B50099B120 /* ProductDetailsView.swift */,
				84CDC1A72B064D050099B120 /* CartView.swift */,
				84CDC1AE2B078CC70099B120 /* Components */,
			);
			path = View;
			sourceTree = "<group>";
		};
		84CDC1AE2B078CC70099B120 /* Components */ = {
			isa = PBXGroup;
			children = (
				84CDC1AC2B078CC10099B120 /* ProductCell.swift */,
				84CDC1BB2B0F84AF0099B120 /* PositionCell.swift */,
				847A44FC2B8656B20076C939 /* OrderCell.swift */,
				84BA9B122BC7FD8100601A9C /* ImagePicker.swift */,
			);
			path = Components;
			sourceTree = "<group>";
		};
		84CDC1AF2B079FB10099B120 /* Model */ = {
			isa = PBXGroup;
			children = (
				84CDC1AA2B078AC00099B120 /* Product.swift */,
				84CDC1B72B0D05800099B120 /* Position.swift */,
				847A44CA2B5EA97D0076C939 /* PizzaUser.swift */,
				847A44F82B7BD5470076C939 /* Order.swift */,
				847A44FA2B7BE3310076C939 /* Status.swift */,
			);
			path = Model;
			sourceTree = "<group>";
		};
		84CDC1B02B079FCF0099B120 /* ViewModel */ = {
			isa = PBXGroup;
			children = (
				84CDC1B12B07A0230099B120 /* MenuViewModel.swift */,
				847A44C82B5828C70076C939 /* MainTabBarViewModel.swift */,
				84CDC1B52B0CC20B0099B120 /* ProductDetailsViewModel.swift */,
				84CDC1B92B0D064A0099B120 /* CartViewModel.swift */,
				847A44D02B6161660076C939 /* ProfileViewModel.swift */,
				847A45012B8DFBFF0076C939 /* AdminOrdersViewModel .swift */,
				84BA9B0F2B9F550200601A9C /* OrderViewModel.swift */,
			);
			path = ViewModel;
			sourceTree = "<group>";
		};
/* End PBXGroup section */

/* Begin PBXNativeTarget section */
		84CDC18F2B0569650099B120 /* PizzaApp */ = {
			isa = PBXNativeTarget;
			buildConfigurationList = 84CDC19E2B0569670099B120 /* Build configuration list for PBXNativeTarget "PizzaApp" */;
			buildPhases = (
				84CDC18C2B0569650099B120 /* Sources */,
				84CDC18D2B0569650099B120 /* Frameworks */,
				84CDC18E2B0569650099B120 /* Resources */,
			);
			buildRules = (
			);
			dependencies = (
			);
			name = PizzaApp;
			packageProductDependencies = (
				84DEF42E2B55677400B80EE3 /* FirebaseAnalytics */,
				84DEF4302B55677400B80EE3 /* FirebaseAnalyticsOnDeviceConversion */,
				84DEF4322B55677400B80EE3 /* FirebaseAnalyticsSwift */,
				84DEF4342B55677400B80EE3 /* FirebaseAnalyticsWithoutAdIdSupport */,
				84DEF4362B55677400B80EE3 /* FirebaseAppCheck */,
				847A44C62B557B720076C939 /* FirebaseAuth */,
				847A44CE2B5EB0360076C939 /* FirebaseFirestore */,
				84BA9B182BD92A1900601A9C /* FirebaseStorage */,
			);
			productName = PizzaApp;
			productReference = 84CDC1902B0569650099B120 /* PizzaApp.app */;
			productType = "com.apple.product-type.application";
		};
/* End PBXNativeTarget section */

/* Begin PBXProject section */
		84CDC1882B0569650099B120 /* Project object */ = {
			isa = PBXProject;
			attributes = {
				BuildIndependentTargetsInParallel = 1;
				LastSwiftUpdateCheck = 1500;
				LastUpgradeCheck = 1500;
				TargetAttributes = {
					84CDC18F2B0569650099B120 = {
						CreatedOnToolsVersion = 15.0.1;
					};
				};
			};
			buildConfigurationList = 84CDC18B2B0569650099B120 /* Build configuration list for PBXProject "PizzaApp" */;
			compatibilityVersion = "Xcode 14.0";
			developmentRegion = en;
			hasScannedForEncodings = 0;
			knownRegions = (
				en,
				Base,
			);
			mainGroup = 84CDC1872B0569650099B120;
			packageReferences = (
				84DEF42D2B55677400B80EE3 /* XCRemoteSwiftPackageReference "firebase-ios-sdk" */,
			);
			productRefGroup = 84CDC1912B0569650099B120 /* Products */;
			projectDirPath = "";
			projectRoot = "";
			targets = (
				84CDC18F2B0569650099B120 /* PizzaApp */,
			);
		};
/* End PBXProject section */

/* Begin PBXResourcesBuildPhase section */
		84CDC18E2B0569650099B120 /* Resources */ = {
			isa = PBXResourcesBuildPhase;
			buildActionMask = 2147483647;
			files = (
				840CB8FA2C11E9EE00D014CC /* GIFF.gif in Resources */,
				840CB90A2C1707C000D014CC /* authView.gif in Resources */,
				840CB9012C17019300D014CC /* IMG_6376.PNG in Resources */,
				840CB9072C1703BB00D014CC /* IMG_6381.PNG in Resources */,
				840CB8FE2C11ECA000D014CC /* gifv2.gif in Resources */,
				848CA69B2C1725AF00F18323 /* menus.gif in Resources */,
				840CB9022C17019300D014CC /* IMG_6375.PNG in Resources */,
				843E92C22C11B5F0000CCED9 /* screenShot2.PNG in Resources */,
				84CDC19B2B0569670099B120 /* Preview Assets.xcassets in Resources */,
				848BE9682C10D910000C4322 /* screenShot.PNG in Resources */,
				847A44F72B7A86210076C939 /* GoogleService-Info.plist in Resources */,
				840CB9062C1703BB00D014CC /* IMG_6379.PNG in Resources */,
				84CDC1982B0569670099B120 /* Assets.xcassets in Resources */,
				8485E3162B345A9900A232B4 /* GoogleService-Info1.plist in Resources */,
				840CB9082C1703BB00D014CC /* IMG_6380.PNG in Resources */,
				843E92C12C11B5F0000CCED9 /* sc.PNG in Resources */,
			);
			runOnlyForDeploymentPostprocessing = 0;
		};
/* End PBXResourcesBuildPhase section */

/* Begin PBXSourcesBuildPhase section */
		84CDC18C2B0569650099B120 /* Sources */ = {
			isa = PBXSourcesBuildPhase;
			buildActionMask = 2147483647;
			files = (
				847A44CD2B5EB0010076C939 /* DatabaseService.swift in Sources */,
				847A44D12B6161660076C939 /* ProfileViewModel.swift in Sources */,
				847A44FB2B7BE3310076C939 /* Status.swift in Sources */,
				84BA9B132BC7FD8100601A9C /* ImagePicker.swift in Sources */,
				847A44F92B7BD5470076C939 /* Order.swift in Sources */,
				84CDC1A82B064D050099B120 /* CartView.swift in Sources */,
				847A44C92B5828C70076C939 /* MainTabBarViewModel.swift in Sources */,
				84CDC1B22B07A0230099B120 /* MenuViewModel.swift in Sources */,
				84CDC1B82B0D05800099B120 /* Position.swift in Sources */,
				84CDC1BA2B0D064A0099B120 /* CartViewModel.swift in Sources */,
				847A44CB2B5EA97D0076C939 /* PizzaUser.swift in Sources */,
				847A45022B8DFBFF0076C939 /* AdminOrdersViewModel .swift in Sources */,
				84CDC1A22B0643E40099B120 /* MainTabBar.swift in Sources */,
				847A44FF2B8DF5420076C939 /* AdminOrdersView.swift in Sources */,
				84CDC1A42B064CD20099B120 /* MenuView.swift in Sources */,
				847A44FD2B8656B20076C939 /* OrderCell.swift in Sources */,
				84BA9B152BC8070F00601A9C /* AddProductView.swift in Sources */,
				84BA9B172BD928A300601A9C /* StorageService.swift in Sources */,
				84CDC1A62B064CF30099B120 /* ProfileView.swift in Sources */,
				84CDC1B42B0BB7B50099B120 /* ProductDetailsView.swift in Sources */,
				84CDC1B62B0CC20B0099B120 /* ProductDetailsViewModel.swift in Sources */,
				84CDC1BC2B0F84AF0099B120 /* PositionCell.swift in Sources */,
				84BA9B0E2B9F54ED00601A9C /* OrderView.swift in Sources */,
				84CDC1962B0569650099B120 /* AuthView.swift in Sources */,
				84CDC1AD2B078CC10099B120 /* ProductCell.swift in Sources */,
				847A44C02B55732E0076C939 /* AuthService.swift in Sources */,
				84BA9B102B9F550200601A9C /* OrderViewModel.swift in Sources */,
				84CDC1942B0569650099B120 /* PizzaApp.swift in Sources */,
				84CDC1AB2B078AC00099B120 /* Product.swift in Sources */,
			);
			runOnlyForDeploymentPostprocessing = 0;
		};
/* End PBXSourcesBuildPhase section */

/* Begin XCBuildConfiguration section */
		84CDC19C2B0569670099B120 /* Debug */ = {
			isa = XCBuildConfiguration;
			buildSettings = {
				ALWAYS_SEARCH_USER_PATHS = NO;
				ASSETCATALOG_COMPILER_GENERATE_SWIFT_ASSET_SYMBOL_EXTENSIONS = YES;
				CLANG_ANALYZER_NONNULL = YES;
				CLANG_ANALYZER_NUMBER_OBJECT_CONVERSION = YES_AGGRESSIVE;
				CLANG_CXX_LANGUAGE_STANDARD = "gnu++20";
				CLANG_ENABLE_MODULES = YES;
				CLANG_ENABLE_OBJC_ARC = YES;
				CLANG_ENABLE_OBJC_WEAK = YES;
				CLANG_WARN_BLOCK_CAPTURE_AUTORELEASING = YES;
				CLANG_WARN_BOOL_CONVERSION = YES;
				CLANG_WARN_COMMA = YES;
				CLANG_WARN_CONSTANT_CONVERSION = YES;
				CLANG_WARN_DEPRECATED_OBJC_IMPLEMENTATIONS = YES;
				CLANG_WARN_DIRECT_OBJC_ISA_USAGE = YES_ERROR;
				CLANG_WARN_DOCUMENTATION_COMMENTS = YES;
				CLANG_WARN_EMPTY_BODY = YES;
				CLANG_WARN_ENUM_CONVERSION = YES;
				CLANG_WARN_INFINITE_RECURSION = YES;
				CLANG_WARN_INT_CONVERSION = YES;
				CLANG_WARN_NON_LITERAL_NULL_CONVERSION = YES;
				CLANG_WARN_OBJC_IMPLICIT_RETAIN_SELF = YES;
				CLANG_WARN_OBJC_LITERAL_CONVERSION = YES;
				CLANG_WARN_OBJC_ROOT_CLASS = YES_ERROR;
				CLANG_WARN_QUOTED_INCLUDE_IN_FRAMEWORK_HEADER = YES;
				CLANG_WARN_RANGE_LOOP_ANALYSIS = YES;
				CLANG_WARN_STRICT_PROTOTYPES = YES;
				CLANG_WARN_SUSPICIOUS_MOVE = YES;
				CLANG_WARN_UNGUARDED_AVAILABILITY = YES_AGGRESSIVE;
				CLANG_WARN_UNREACHABLE_CODE = YES;
				CLANG_WARN__DUPLICATE_METHOD_MATCH = YES;
				COPY_PHASE_STRIP = NO;
				DEBUG_INFORMATION_FORMAT = dwarf;
				ENABLE_STRICT_OBJC_MSGSEND = YES;
				ENABLE_TESTABILITY = YES;
				ENABLE_USER_SCRIPT_SANDBOXING = YES;
				GCC_C_LANGUAGE_STANDARD = gnu17;
				GCC_DYNAMIC_NO_PIC = NO;
				GCC_NO_COMMON_BLOCKS = YES;
				GCC_OPTIMIZATION_LEVEL = 0;
				GCC_PREPROCESSOR_DEFINITIONS = (
					"DEBUG=1",
					"$(inherited)",
				);
				GCC_WARN_64_TO_32_BIT_CONVERSION = YES;
				GCC_WARN_ABOUT_RETURN_TYPE = YES_ERROR;
				GCC_WARN_UNDECLARED_SELECTOR = YES;
				GCC_WARN_UNINITIALIZED_AUTOS = YES_AGGRESSIVE;
				GCC_WARN_UNUSED_FUNCTION = YES;
				GCC_WARN_UNUSED_VARIABLE = YES;
				IPHONEOS_DEPLOYMENT_TARGET = 17.0;
				LOCALIZATION_PREFERS_STRING_CATALOGS = YES;
				MTL_ENABLE_DEBUG_INFO = INCLUDE_SOURCE;
				MTL_FAST_MATH = YES;
				ONLY_ACTIVE_ARCH = YES;
				SDKROOT = iphoneos;
				SWIFT_ACTIVE_COMPILATION_CONDITIONS = "DEBUG $(inherited)";
				SWIFT_OPTIMIZATION_LEVEL = "-Onone";
			};
			name = Debug;
		};
		84CDC19D2B0569670099B120 /* Release */ = {
			isa = XCBuildConfiguration;
			buildSettings = {
				ALWAYS_SEARCH_USER_PATHS = NO;
				ASSETCATALOG_COMPILER_GENERATE_SWIFT_ASSET_SYMBOL_EXTENSIONS = YES;
				CLANG_ANALYZER_NONNULL = YES;
				CLANG_ANALYZER_NUMBER_OBJECT_CONVERSION = YES_AGGRESSIVE;
				CLANG_CXX_LANGUAGE_STANDARD = "gnu++20";
				CLANG_ENABLE_MODULES = YES;
				CLANG_ENABLE_OBJC_ARC = YES;
				CLANG_ENABLE_OBJC_WEAK = YES;
				CLANG_WARN_BLOCK_CAPTURE_AUTORELEASING = YES;
				CLANG_WARN_BOOL_CONVERSION = YES;
				CLANG_WARN_COMMA = YES;
				CLANG_WARN_CONSTANT_CONVERSION = YES;
				CLANG_WARN_DEPRECATED_OBJC_IMPLEMENTATIONS = YES;
				CLANG_WARN_DIRECT_OBJC_ISA_USAGE = YES_ERROR;
				CLANG_WARN_DOCUMENTATION_COMMENTS = YES;
				CLANG_WARN_EMPTY_BODY = YES;
				CLANG_WARN_ENUM_CONVERSION = YES;
				CLANG_WARN_INFINITE_RECURSION = YES;
				CLANG_WARN_INT_CONVERSION = YES;
				CLANG_WARN_NON_LITERAL_NULL_CONVERSION = YES;
				CLANG_WARN_OBJC_IMPLICIT_RETAIN_SELF = YES;
				CLANG_WARN_OBJC_LITERAL_CONVERSION = YES;
				CLANG_WARN_OBJC_ROOT_CLASS = YES_ERROR;
				CLANG_WARN_QUOTED_INCLUDE_IN_FRAMEWORK_HEADER = YES;
				CLANG_WARN_RANGE_LOOP_ANALYSIS = YES;
				CLANG_WARN_STRICT_PROTOTYPES = YES;
				CLANG_WARN_SUSPICIOUS_MOVE = YES;
				CLANG_WARN_UNGUARDED_AVAILABILITY = YES_AGGRESSIVE;
				CLANG_WARN_UNREACHABLE_CODE = YES;
				CLANG_WARN__DUPLICATE_METHOD_MATCH = YES;
				COPY_PHASE_STRIP = NO;
				DEBUG_INFORMATION_FORMAT = "dwarf-with-dsym";
				ENABLE_NS_ASSERTIONS = NO;
				ENABLE_STRICT_OBJC_MSGSEND = YES;
				ENABLE_USER_SCRIPT_SANDBOXING = YES;
				GCC_C_LANGUAGE_STANDARD = gnu17;
				GCC_NO_COMMON_BLOCKS = YES;
				GCC_WARN_64_TO_32_BIT_CONVERSION = YES;
				GCC_WARN_ABOUT_RETURN_TYPE = YES_ERROR;
				GCC_WARN_UNDECLARED_SELECTOR = YES;
				GCC_WARN_UNINITIALIZED_AUTOS = YES_AGGRESSIVE;
				GCC_WARN_UNUSED_FUNCTION = YES;
				GCC_WARN_UNUSED_VARIABLE = YES;
				IPHONEOS_DEPLOYMENT_TARGET = 17.0;
				LOCALIZATION_PREFERS_STRING_CATALOGS = YES;
				MTL_ENABLE_DEBUG_INFO = NO;
				MTL_FAST_MATH = YES;
				SDKROOT = iphoneos;
				SWIFT_COMPILATION_MODE = wholemodule;
				VALIDATE_PRODUCT = YES;
			};
			name = Release;
		};
		84CDC19F2B0569670099B120 /* Debug */ = {
			isa = XCBuildConfiguration;
			buildSettings = {
				ASSETCATALOG_COMPILER_APPICON_NAME = AppIcon;
				ASSETCATALOG_COMPILER_GLOBAL_ACCENT_COLOR_NAME = AccentColor;
				ASSETCATALOG_COMPILER_INCLUDE_ALL_APPICON_ASSETS = NO;
				CODE_SIGN_STYLE = Automatic;
				CURRENT_PROJECT_VERSION = 1;
				DEVELOPMENT_ASSET_PATHS = "\"PizzaApp/Preview Content\"";
				DEVELOPMENT_TEAM = LQ4DU59J9S;
				ENABLE_PREVIEWS = YES;
				GENERATE_INFOPLIST_FILE = YES;
				INFOPLIST_FILE = PizzaApp/Info.plist;
				INFOPLIST_KEY_LSApplicationCategoryType = "public.app-category.food-and-drink";
				INFOPLIST_KEY_NSCameraUsageDescription = "Дозволити користуватися камерою";
				INFOPLIST_KEY_NSPhotoLibraryUsageDescription = "Дозволити відкрити галерею";
				INFOPLIST_KEY_UIApplicationSceneManifest_Generation = YES;
				INFOPLIST_KEY_UIApplicationSupportsIndirectInputEvents = YES;
				INFOPLIST_KEY_UILaunchScreen_Generation = YES;
				INFOPLIST_KEY_UILaunchStoryboardName = "";
				INFOPLIST_KEY_UIStatusBarStyle = "";
				INFOPLIST_KEY_UISupportedInterfaceOrientations_iPad = "UIInterfaceOrientationPortrait UIInterfaceOrientationPortraitUpsideDown UIInterfaceOrientationLandscapeLeft UIInterfaceOrientationLandscapeRight";
				INFOPLIST_KEY_UISupportedInterfaceOrientations_iPhone = "UIInterfaceOrientationPortrait UIInterfaceOrientationLandscapeLeft UIInterfaceOrientationLandscapeRight";
				LD_RUNPATH_SEARCH_PATHS = (
					"$(inherited)",
					"@executable_path/Frameworks",
				);
				MARKETING_VERSION = 1.0;
				PRODUCT_BUNDLE_IDENTIFIER = Alia.PizzaApp;
				PRODUCT_NAME = "$(TARGET_NAME)";
				SWIFT_EMIT_LOC_STRINGS = YES;
				SWIFT_VERSION = 5.0;
				TARGETED_DEVICE_FAMILY = "1,2";
			};
			name = Debug;
		};
		84CDC1A02B0569670099B120 /* Release */ = {
			isa = XCBuildConfiguration;
			buildSettings = {
				ASSETCATALOG_COMPILER_APPICON_NAME = AppIcon;
				ASSETCATALOG_COMPILER_GLOBAL_ACCENT_COLOR_NAME = AccentColor;
				ASSETCATALOG_COMPILER_INCLUDE_ALL_APPICON_ASSETS = NO;
				CODE_SIGN_STYLE = Automatic;
				CURRENT_PROJECT_VERSION = 1;
				DEVELOPMENT_ASSET_PATHS = "\"PizzaApp/Preview Content\"";
				DEVELOPMENT_TEAM = LQ4DU59J9S;
				ENABLE_PREVIEWS = YES;
				GENERATE_INFOPLIST_FILE = YES;
				INFOPLIST_FILE = PizzaApp/Info.plist;
				INFOPLIST_KEY_LSApplicationCategoryType = "public.app-category.food-and-drink";
				INFOPLIST_KEY_NSCameraUsageDescription = "Дозволити користуватися камерою";
				INFOPLIST_KEY_NSPhotoLibraryUsageDescription = "Дозволити відкрити галерею";
				INFOPLIST_KEY_UIApplicationSceneManifest_Generation = YES;
				INFOPLIST_KEY_UIApplicationSupportsIndirectInputEvents = YES;
				INFOPLIST_KEY_UILaunchScreen_Generation = YES;
				INFOPLIST_KEY_UILaunchStoryboardName = "";
				INFOPLIST_KEY_UIStatusBarStyle = "";
				INFOPLIST_KEY_UISupportedInterfaceOrientations_iPad = "UIInterfaceOrientationPortrait UIInterfaceOrientationPortraitUpsideDown UIInterfaceOrientationLandscapeLeft UIInterfaceOrientationLandscapeRight";
				INFOPLIST_KEY_UISupportedInterfaceOrientations_iPhone = "UIInterfaceOrientationPortrait UIInterfaceOrientationLandscapeLeft UIInterfaceOrientationLandscapeRight";
				LD_RUNPATH_SEARCH_PATHS = (
					"$(inherited)",
					"@executable_path/Frameworks",
				);
				MARKETING_VERSION = 1.0;
				PRODUCT_BUNDLE_IDENTIFIER = Alia.PizzaApp;
				PRODUCT_NAME = "$(TARGET_NAME)";
				SWIFT_EMIT_LOC_STRINGS = YES;
				SWIFT_VERSION = 5.0;
				TARGETED_DEVICE_FAMILY = "1,2";
			};
			name = Release;
		};
/* End XCBuildConfiguration section */

/* Begin XCConfigurationList section */
		84CDC18B2B0569650099B120 /* Build configuration list for PBXProject "PizzaApp" */ = {
			isa = XCConfigurationList;
			buildConfigurations = (
				84CDC19C2B0569670099B120 /* Debug */,
				84CDC19D2B0569670099B120 /* Release */,
			);
			defaultConfigurationIsVisible = 0;
			defaultConfigurationName = Release;
		};
		84CDC19E2B0569670099B120 /* Build configuration list for PBXNativeTarget "PizzaApp" */ = {
			isa = XCConfigurationList;
			buildConfigurations = (
				84CDC19F2B0569670099B120 /* Debug */,
				84CDC1A02B0569670099B120 /* Release */,
			);
			defaultConfigurationIsVisible = 0;
			defaultConfigurationName = Release;
		};
/* End XCConfigurationList section */

/* Begin XCRemoteSwiftPackageReference section */
		84DEF42D2B55677400B80EE3 /* XCRemoteSwiftPackageReference "firebase-ios-sdk" */ = {
			isa = XCRemoteSwiftPackageReference;
			repositoryURL = "https://github.com/firebase/firebase-ios-sdk";
			requirement = {
				kind = upToNextMajorVersion;
				minimumVersion = 10.19.1;
			};
		};
/* End XCRemoteSwiftPackageReference section */

/* Begin XCSwiftPackageProductDependency section */
		847A44C62B557B720076C939 /* FirebaseAuth */ = {
			isa = XCSwiftPackageProductDependency;
			package = 84DEF42D2B55677400B80EE3 /* XCRemoteSwiftPackageReference "firebase-ios-sdk" */;
			productName = FirebaseAuth;
		};
		847A44CE2B5EB0360076C939 /* FirebaseFirestore */ = {
			isa = XCSwiftPackageProductDependency;
			package = 84DEF42D2B55677400B80EE3 /* XCRemoteSwiftPackageReference "firebase-ios-sdk" */;
			productName = FirebaseFirestore;
		};
		84BA9B182BD92A1900601A9C /* FirebaseStorage */ = {
			isa = XCSwiftPackageProductDependency;
			package = 84DEF42D2B55677400B80EE3 /* XCRemoteSwiftPackageReference "firebase-ios-sdk" */;
			productName = FirebaseStorage;
		};
		84DEF42E2B55677400B80EE3 /* FirebaseAnalytics */ = {
			isa = XCSwiftPackageProductDependency;
			package = 84DEF42D2B55677400B80EE3 /* XCRemoteSwiftPackageReference "firebase-ios-sdk" */;
			productName = FirebaseAnalytics;
		};
		84DEF4302B55677400B80EE3 /* FirebaseAnalyticsOnDeviceConversion */ = {
			isa = XCSwiftPackageProductDependency;
			package = 84DEF42D2B55677400B80EE3 /* XCRemoteSwiftPackageReference "firebase-ios-sdk" */;
			productName = FirebaseAnalyticsOnDeviceConversion;
		};
		84DEF4322B55677400B80EE3 /* FirebaseAnalyticsSwift */ = {
			isa = XCSwiftPackageProductDependency;
			package = 84DEF42D2B55677400B80EE3 /* XCRemoteSwiftPackageReference "firebase-ios-sdk" */;
			productName = FirebaseAnalyticsSwift;
		};
		84DEF4342B55677400B80EE3 /* FirebaseAnalyticsWithoutAdIdSupport */ = {
			isa = XCSwiftPackageProductDependency;
			package = 84DEF42D2B55677400B80EE3 /* XCRemoteSwiftPackageReference "firebase-ios-sdk" */;
			productName = FirebaseAnalyticsWithoutAdIdSupport;
		};
		84DEF4362B55677400B80EE3 /* FirebaseAppCheck */ = {
			isa = XCSwiftPackageProductDependency;
			package = 84DEF42D2B55677400B80EE3 /* XCRemoteSwiftPackageReference "firebase-ios-sdk" */;
			productName = FirebaseAppCheck;
		};
/* End XCSwiftPackageProductDependency section */
	};
	rootObject = 84CDC1882B0569650099B120 /* Project object */;
}
